// !$*UTF8*$!
{
	archiveVersion = 1;
	classes = {
	};
	objectVersion = 46;
	objects = {

/* Begin PBXBuildFile section */
		4402D0121DAB278700007693 /* TestVC.m in Sources */ = {isa = PBXBuildFile; fileRef = 4402D0111DAB278700007693 /* TestVC.m */; };
		441F70881D99075500610BFA /* main.m in Sources */ = {isa = PBXBuildFile; fileRef = 441F70871D99075500610BFA /* main.m */; };
		441F708B1D99075500610BFA /* AppDelegate.m in Sources */ = {isa = PBXBuildFile; fileRef = 441F708A1D99075500610BFA /* AppDelegate.m */; };
		441F708E1D99075500610BFA /* ViewController.m in Sources */ = {isa = PBXBuildFile; fileRef = 441F708D1D99075500610BFA /* ViewController.m */; };
		441F70911D99075500610BFA /* Main.storyboard in Resources */ = {isa = PBXBuildFile; fileRef = 441F708F1D99075500610BFA /* Main.storyboard */; };
		441F70931D99075500610BFA /* Assets.xcassets in Resources */ = {isa = PBXBuildFile; fileRef = 441F70921D99075500610BFA /* Assets.xcassets */; };
		441F70961D99075500610BFA /* LaunchScreen.storyboard in Resources */ = {isa = PBXBuildFile; fileRef = 441F70941D99075500610BFA /* LaunchScreen.storyboard */; };
		441F70A11D99075500610BFA /* MJRefreshDemoTests.m in Sources */ = {isa = PBXBuildFile; fileRef = 441F70A01D99075500610BFA /* MJRefreshDemoTests.m */; };
		441F70AC1D99075500610BFA /* MJRefreshDemoUITests.m in Sources */ = {isa = PBXBuildFile; fileRef = 441F70AB1D99075500610BFA /* MJRefreshDemoUITests.m */; };
		4422B1711DAE1E500002455B /* WeakView.m in Sources */ = {isa = PBXBuildFile; fileRef = 4422B1701DAE1E500002455B /* WeakView.m */; };
		4440EF3A1D9A622C00E2408D /* PresentVC.m in Sources */ = {isa = PBXBuildFile; fileRef = 4440EF391D9A622C00E2408D /* PresentVC.m */; };
		44EDEA2D1DAF60D200037CC8 /* x.png in Resources */ = {isa = PBXBuildFile; fileRef = 44EDEA2A1DAF60D200037CC8 /* x.png */; };
		44EDEA2E1DAF60D200037CC8 /* o.png in Resources */ = {isa = PBXBuildFile; fileRef = 44EDEA2B1DAF60D200037CC8 /* o.png */; };
		44EDEA2F1DAF60D200037CC8 /* k.png in Resources */ = {isa = PBXBuildFile; fileRef = 44EDEA2C1DAF60D200037CC8 /* k.png */; };
		55513DF07743E0CFB682948F /* libPods-MJRefreshDemo.a in Frameworks */ = {isa = PBXBuildFile; fileRef = 01CDECBEA169C3DC2EE05FEB /* libPods-MJRefreshDemo.a */; };
/* End PBXBuildFile section */

/* Begin PBXContainerItemProxy section */
		441F709D1D99075500610BFA /* PBXContainerItemProxy */ = {
			isa = PBXContainerItemProxy;
			containerPortal = 441F707B1D99075500610BFA /* Project object */;
			proxyType = 1;
			remoteGlobalIDString = 441F70821D99075500610BFA;
			remoteInfo = MJRefreshDemo;
		};
		441F70A81D99075500610BFA /* PBXContainerItemProxy */ = {
			isa = PBXContainerItemProxy;
			containerPortal = 441F707B1D99075500610BFA /* Project object */;
			proxyType = 1;
			remoteGlobalIDString = 441F70821D99075500610BFA;
			remoteInfo = MJRefreshDemo;
		};
/* End PBXContainerItemProxy section */

/* Begin PBXFileReference section */
		01CDECBEA169C3DC2EE05FEB /* libPods-MJRefreshDemo.a */ = {isa = PBXFileReference; explicitFileType = archive.ar; includeInIndex = 0; path = "libPods-MJRefreshDemo.a"; sourceTree = BUILT_PRODUCTS_DIR; };
		4402D0101DAB278700007693 /* TestVC.h */ = {isa = PBXFileReference; fileEncoding = 4; lastKnownFileType = sourcecode.c.h; path = TestVC.h; sourceTree = "<group>"; };
		4402D0111DAB278700007693 /* TestVC.m */ = {isa = PBXFileReference; fileEncoding = 4; lastKnownFileType = sourcecode.c.objc; path = TestVC.m; sourceTree = "<group>"; };
		441F70831D99075500610BFA /* MJRefreshDemo.app */ = {isa = PBXFileReference; explicitFileType = wrapper.application; includeInIndex = 0; path = MJRefreshDemo.app; sourceTree = BUILT_PRODUCTS_DIR; };
		441F70871D99075500610BFA /* main.m */ = {isa = PBXFileReference; lastKnownFileType = sourcecode.c.objc; path = main.m; sourceTree = "<group>"; };
		441F70891D99075500610BFA /* AppDelegate.h */ = {isa = PBXFileReference; lastKnownFileType = sourcecode.c.h; path = AppDelegate.h; sourceTree = "<group>"; };
		441F708A1D99075500610BFA /* AppDelegate.m */ = {isa = PBXFileReference; lastKnownFileType = sourcecode.c.objc; path = AppDelegate.m; sourceTree = "<group>"; };
		441F708C1D99075500610BFA /* ViewController.h */ = {isa = PBXFileReference; lastKnownFileType = sourcecode.c.h; path = ViewController.h; sourceTree = "<group>"; };
		441F708D1D99075500610BFA /* ViewController.m */ = {isa = PBXFileReference; lastKnownFileType = sourcecode.c.objc; path = ViewController.m; sourceTree = "<group>"; };
		441F70901D99075500610BFA /* Base */ = {isa = PBXFileReference; lastKnownFileType = file.storyboard; name = Base; path = Base.lproj/Main.storyboard; sourceTree = "<group>"; };
		441F70921D99075500610BFA /* Assets.xcassets */ = {isa = PBXFileReference; lastKnownFileType = folder.assetcatalog; path = Assets.xcassets; sourceTree = "<group>"; };
		441F70951D99075500610BFA /* Base */ = {isa = PBXFileReference; lastKnownFileType = file.storyboard; name = Base; path = Base.lproj/LaunchScreen.storyboard; sourceTree = "<group>"; };
		441F70971D99075500610BFA /* Info.plist */ = {isa = PBXFileReference; lastKnownFileType = text.plist.xml; path = Info.plist; sourceTree = "<group>"; };
		441F709C1D99075500610BFA /* MJRefreshDemoTests.xctest */ = {isa = PBXFileReference; explicitFileType = wrapper.cfbundle; includeInIndex = 0; path = MJRefreshDemoTests.xctest; sourceTree = BUILT_PRODUCTS_DIR; };
		441F70A01D99075500610BFA /* MJRefreshDemoTests.m */ = {isa = PBXFileReference; lastKnownFileType = sourcecode.c.objc; path = MJRefreshDemoTests.m; sourceTree = "<group>"; };
		441F70A21D99075500610BFA /* Info.plist */ = {isa = PBXFileReference; lastKnownFileType = text.plist.xml; path = Info.plist; sourceTree = "<group>"; };
		441F70A71D99075500610BFA /* MJRefreshDemoUITests.xctest */ = {isa = PBXFileReference; explicitFileType = wrapper.cfbundle; includeInIndex = 0; path = MJRefreshDemoUITests.xctest; sourceTree = BUILT_PRODUCTS_DIR; };
		441F70AB1D99075500610BFA /* MJRefreshDemoUITests.m */ = {isa = PBXFileReference; lastKnownFileType = sourcecode.c.objc; path = MJRefreshDemoUITests.m; sourceTree = "<group>"; };
		441F70AD1D99075500610BFA /* Info.plist */ = {isa = PBXFileReference; lastKnownFileType = text.plist.xml; path = Info.plist; sourceTree = "<group>"; };
		4422B16F1DAE1E500002455B /* WeakView.h */ = {isa = PBXFileReference; fileEncoding = 4; lastKnownFileType = sourcecode.c.h; path = WeakView.h; sourceTree = "<group>"; };
		4422B1701DAE1E500002455B /* WeakView.m */ = {isa = PBXFileReference; fileEncoding = 4; lastKnownFileType = sourcecode.c.objc; path = WeakView.m; sourceTree = "<group>"; };
		4440EF381D9A622C00E2408D /* PresentVC.h */ = {isa = PBXFileReference; fileEncoding = 4; lastKnownFileType = sourcecode.c.h; path = PresentVC.h; sourceTree = "<group>"; };
		4440EF391D9A622C00E2408D /* PresentVC.m */ = {isa = PBXFileReference; fileEncoding = 4; lastKnownFileType = sourcecode.c.objc; path = PresentVC.m; sourceTree = "<group>"; };
		44EDEA2A1DAF60D200037CC8 /* x.png */ = {isa = PBXFileReference; lastKnownFileType = image.png; path = x.png; sourceTree = "<group>"; };
		44EDEA2B1DAF60D200037CC8 /* o.png */ = {isa = PBXFileReference; lastKnownFileType = image.png; path = o.png; sourceTree = "<group>"; };
		44EDEA2C1DAF60D200037CC8 /* k.png */ = {isa = PBXFileReference; lastKnownFileType = image.png; path = k.png; sourceTree = "<group>"; };
		E4020556F18B1D003CBDFEB3 /* Pods-MJRefreshDemo.release.xcconfig */ = {isa = PBXFileReference; includeInIndex = 1; lastKnownFileType = text.xcconfig; name = "Pods-MJRefreshDemo.release.xcconfig"; path = "Pods/Target Support Files/Pods-MJRefreshDemo/Pods-MJRefreshDemo.release.xcconfig"; sourceTree = "<group>"; };
		EF264F055CE94CAACBA399B2 /* Pods-MJRefreshDemo.debug.xcconfig */ = {isa = PBXFileReference; includeInIndex = 1; lastKnownFileType = text.xcconfig; name = "Pods-MJRefreshDemo.debug.xcconfig"; path = "Pods/Target Support Files/Pods-MJRefreshDemo/Pods-MJRefreshDemo.debug.xcconfig"; sourceTree = "<group>"; };
/* End PBXFileReference section */

/* Begin PBXFrameworksBuildPhase section */
		441F70801D99075500610BFA /* Frameworks */ = {
			isa = PBXFrameworksBuildPhase;
			buildActionMask = 2147483647;
			files = (
				55513DF07743E0CFB682948F /* libPods-MJRefreshDemo.a in Frameworks */,
			);
			runOnlyForDeploymentPostprocessing = 0;
		};
		441F70991D99075500610BFA /* Frameworks */ = {
			isa = PBXFrameworksBuildPhase;
			buildActionMask = 2147483647;
			files = (
			);
			runOnlyForDeploymentPostprocessing = 0;
		};
		441F70A41D99075500610BFA /* Frameworks */ = {
			isa = PBXFrameworksBuildPhase;
			buildActionMask = 2147483647;
			files = (
			);
			runOnlyForDeploymentPostprocessing = 0;
		};
/* End PBXFrameworksBuildPhase section */

/* Begin PBXGroup section */
		416AC4EC54D4A5DA424DCEAF /* Pods */ = {
			isa = PBXGroup;
			children = (
				EF264F055CE94CAACBA399B2 /* Pods-MJRefreshDemo.debug.xcconfig */,
				E4020556F18B1D003CBDFEB3 /* Pods-MJRefreshDemo.release.xcconfig */,
			);
			name = Pods;
			sourceTree = "<group>";
		};
		441F707A1D99075500610BFA = {
			isa = PBXGroup;
			children = (
				441F70851D99075500610BFA /* MJRefreshDemo */,
				441F709F1D99075500610BFA /* MJRefreshDemoTests */,
				441F70AA1D99075500610BFA /* MJRefreshDemoUITests */,
				441F70841D99075500610BFA /* Products */,
				416AC4EC54D4A5DA424DCEAF /* Pods */,
				D6365956E3D88E9894A28981 /* Frameworks */,
			);
			sourceTree = "<group>";
		};
		441F70841D99075500610BFA /* Products */ = {
			isa = PBXGroup;
			children = (
				441F70831D99075500610BFA /* MJRefreshDemo.app */,
				441F709C1D99075500610BFA /* MJRefreshDemoTests.xctest */,
				441F70A71D99075500610BFA /* MJRefreshDemoUITests.xctest */,
			);
			name = Products;
			sourceTree = "<group>";
		};
		441F70851D99075500610BFA /* MJRefreshDemo */ = {
			isa = PBXGroup;
			children = (
				441F70891D99075500610BFA /* AppDelegate.h */,
				441F708A1D99075500610BFA /* AppDelegate.m */,
				441F708C1D99075500610BFA /* ViewController.h */,
				441F708D1D99075500610BFA /* ViewController.m */,
				44EDEA2A1DAF60D200037CC8 /* x.png */,
				44EDEA2B1DAF60D200037CC8 /* o.png */,
				44EDEA2C1DAF60D200037CC8 /* k.png */,
				4402D0101DAB278700007693 /* TestVC.h */,
				4402D0111DAB278700007693 /* TestVC.m */,
				4422B16F1DAE1E500002455B /* WeakView.h */,
				4422B1701DAE1E500002455B /* WeakView.m */,
				4440EF381D9A622C00E2408D /* PresentVC.h */,
				4440EF391D9A622C00E2408D /* PresentVC.m */,
				441F708F1D99075500610BFA /* Main.storyboard */,
				441F70921D99075500610BFA /* Assets.xcassets */,
				441F70941D99075500610BFA /* LaunchScreen.storyboard */,
				441F70971D99075500610BFA /* Info.plist */,
				441F70861D99075500610BFA /* Supporting Files */,
			);
			path = MJRefreshDemo;
			sourceTree = "<group>";
		};
		441F70861D99075500610BFA /* Supporting Files */ = {
			isa = PBXGroup;
			children = (
				441F70871D99075500610BFA /* main.m */,
			);
			name = "Supporting Files";
			sourceTree = "<group>";
		};
		441F709F1D99075500610BFA /* MJRefreshDemoTests */ = {
			isa = PBXGroup;
			children = (
				441F70A01D99075500610BFA /* MJRefreshDemoTests.m */,
				441F70A21D99075500610BFA /* Info.plist */,
			);
			path = MJRefreshDemoTests;
			sourceTree = "<group>";
		};
		441F70AA1D99075500610BFA /* MJRefreshDemoUITests */ = {
			isa = PBXGroup;
			children = (
				441F70AB1D99075500610BFA /* MJRefreshDemoUITests.m */,
				441F70AD1D99075500610BFA /* Info.plist */,
			);
			path = MJRefreshDemoUITests;
			sourceTree = "<group>";
		};
		D6365956E3D88E9894A28981 /* Frameworks */ = {
			isa = PBXGroup;
			children = (
				01CDECBEA169C3DC2EE05FEB /* libPods-MJRefreshDemo.a */,
			);
			name = Frameworks;
			sourceTree = "<group>";
		};
/* End PBXGroup section */

/* Begin PBXNativeTarget section */
		441F70821D99075500610BFA /* MJRefreshDemo */ = {
			isa = PBXNativeTarget;
			buildConfigurationList = 441F70B01D99075500610BFA /* Build configuration list for PBXNativeTarget "MJRefreshDemo" */;
			buildPhases = (
				836DAC4313537514DF50D02A /* [CP] Check Pods Manifest.lock */,
				441F707F1D99075500610BFA /* Sources */,
				441F70801D99075500610BFA /* Frameworks */,
				441F70811D99075500610BFA /* Resources */,
				C15C7D08FBAE7187FD35ECD9 /* [CP] Embed Pods Frameworks */,
				F8E639BAEE6043E4C950AED5 /* [CP] Copy Pods Resources */,
			);
			buildRules = (
			);
			dependencies = (
			);
			name = MJRefreshDemo;
			productName = MJRefreshDemo;
			productReference = 441F70831D99075500610BFA /* MJRefreshDemo.app */;
			productType = "com.apple.product-type.application";
		};
		441F709B1D99075500610BFA /* MJRefreshDemoTests */ = {
			isa = PBXNativeTarget;
			buildConfigurationList = 441F70B31D99075500610BFA /* Build configuration list for PBXNativeTarget "MJRefreshDemoTests" */;
			buildPhases = (
				441F70981D99075500610BFA /* Sources */,
				441F70991D99075500610BFA /* Frameworks */,
				441F709A1D99075500610BFA /* Resources */,
			);
			buildRules = (
			);
			dependencies = (
				441F709E1D99075500610BFA /* PBXTargetDependency */,
			);
			name = MJRefreshDemoTests;
			productName = MJRefreshDemoTests;
			productReference = 441F709C1D99075500610BFA /* MJRefreshDemoTests.xctest */;
			productType = "com.apple.product-type.bundle.unit-test";
		};
		441F70A61D99075500610BFA /* MJRefreshDemoUITests */ = {
			isa = PBXNativeTarget;
			buildConfigurationList = 441F70B61D99075500610BFA /* Build configuration list for PBXNativeTarget "MJRefreshDemoUITests" */;
			buildPhases = (
				441F70A31D99075500610BFA /* Sources */,
				441F70A41D99075500610BFA /* Frameworks */,
				441F70A51D99075500610BFA /* Resources */,
			);
			buildRules = (
			);
			dependencies = (
				441F70A91D99075500610BFA /* PBXTargetDependency */,
			);
			name = MJRefreshDemoUITests;
			productName = MJRefreshDemoUITests;
			productReference = 441F70A71D99075500610BFA /* MJRefreshDemoUITests.xctest */;
			productType = "com.apple.product-type.bundle.ui-testing";
		};
/* End PBXNativeTarget section */

/* Begin PBXProject section */
		441F707B1D99075500610BFA /* Project object */ = {
			isa = PBXProject;
			attributes = {
				LastUpgradeCheck = 0800;
				ORGANIZATIONNAME = Arthur;
				TargetAttributes = {
					441F70821D99075500610BFA = {
						CreatedOnToolsVersion = 7.3.1;
						DevelopmentTeam = 7XV7M559DG;
					};
					441F709B1D99075500610BFA = {
						CreatedOnToolsVersion = 7.3.1;
						TestTargetID = 441F70821D99075500610BFA;
					};
					441F70A61D99075500610BFA = {
						CreatedOnToolsVersion = 7.3.1;
						TestTargetID = 441F70821D99075500610BFA;
					};
				};
			};
			buildConfigurationList = 441F707E1D99075500610BFA /* Build configuration list for PBXProject "MJRefreshDemo" */;
			compatibilityVersion = "Xcode 3.2";
			developmentRegion = English;
			hasScannedForEncodings = 0;
			knownRegions = (
				en,
				Base,
			);
			mainGroup = 441F707A1D99075500610BFA;
			productRefGroup = 441F70841D99075500610BFA /* Products */;
			projectDirPath = "";
			projectRoot = "";
			targets = (
				441F70821D99075500610BFA /* MJRefreshDemo */,
				441F709B1D99075500610BFA /* MJRefreshDemoTests */,
				441F70A61D99075500610BFA /* MJRefreshDemoUITests */,
			);
		};
/* End PBXProject section */

/* Begin PBXResourcesBuildPhase section */
		441F70811D99075500610BFA /* Resources */ = {
			isa = PBXResourcesBuildPhase;
			buildActionMask = 2147483647;
			files = (
				44EDEA2E1DAF60D200037CC8 /* o.png in Resources */,
				44EDEA2D1DAF60D200037CC8 /* x.png in Resources */,
				441F70961D99075500610BFA /* LaunchScreen.storyboard in Resources */,
				44EDEA2F1DAF60D200037CC8 /* k.png in Resources */,
				441F70931D99075500610BFA /* Assets.xcassets in Resources */,
				441F70911D99075500610BFA /* Main.storyboard in Resources */,
			);
			runOnlyForDeploymentPostprocessing = 0;
		};
		441F709A1D99075500610BFA /* Resources */ = {
			isa = PBXResourcesBuildPhase;
			buildActionMask = 2147483647;
			files = (
			);
			runOnlyForDeploymentPostprocessing = 0;
		};
		441F70A51D99075500610BFA /* Resources */ = {
			isa = PBXResourcesBuildPhase;
			buildActionMask = 2147483647;
			files = (
			);
			runOnlyForDeploymentPostprocessing = 0;
		};
/* End PBXResourcesBuildPhase section */

/* Begin PBXShellScriptBuildPhase section */
		836DAC4313537514DF50D02A /* [CP] Check Pods Manifest.lock */ = {
			isa = PBXShellScriptBuildPhase;
			buildActionMask = 2147483647;
			files = (
			);
			inputPaths = (
			);
			name = "[CP] Check Pods Manifest.lock";
			outputPaths = (
			);
			runOnlyForDeploymentPostprocessing = 0;
			shellPath = /bin/sh;
			shellScript = "diff \"${PODS_ROOT}/../Podfile.lock\" \"${PODS_ROOT}/Manifest.lock\" > /dev/null\nif [[ $? != 0 ]] ; then\n    cat << EOM\nerror: The sandbox is not in sync with the Podfile.lock. Run 'pod install' or update your CocoaPods installation.\nEOM\n    exit 1\nfi\n";
			showEnvVarsInLog = 0;
		};
		C15C7D08FBAE7187FD35ECD9 /* [CP] Embed Pods Frameworks */ = {
			isa = PBXShellScriptBuildPhase;
			buildActionMask = 2147483647;
			files = (
			);
			inputPaths = (
			);
			name = "[CP] Embed Pods Frameworks";
			outputPaths = (
			);
			runOnlyForDeploymentPostprocessing = 0;
			shellPath = /bin/sh;
			shellScript = "\"${SRCROOT}/Pods/Target Support Files/Pods-MJRefreshDemo/Pods-MJRefreshDemo-frameworks.sh\"\n";
			showEnvVarsInLog = 0;
		};
		F8E639BAEE6043E4C950AED5 /* [CP] Copy Pods Resources */ = {
			isa = PBXShellScriptBuildPhase;
			buildActionMask = 2147483647;
			files = (
			);
			inputPaths = (
			);
			name = "[CP] Copy Pods Resources";
			outputPaths = (
			);
			runOnlyForDeploymentPostprocessing = 0;
			shellPath = /bin/sh;
			shellScript = "\"${SRCROOT}/Pods/Target Support Files/Pods-MJRefreshDemo/Pods-MJRefreshDemo-resources.sh\"\n";
			showEnvVarsInLog = 0;
		};
/* End PBXShellScriptBuildPhase section */

/* Begin PBXSourcesBuildPhase section */
		441F707F1D99075500610BFA /* Sources */ = {
			isa = PBXSourcesBuildPhase;
			buildActionMask = 2147483647;
			files = (
				4440EF3A1D9A622C00E2408D /* PresentVC.m in Sources */,
				441F708E1D99075500610BFA /* ViewController.m in Sources */,
				441F708B1D99075500610BFA /* AppDelegate.m in Sources */,
				4402D0121DAB278700007693 /* TestVC.m in Sources */,
				4422B1711DAE1E500002455B /* WeakView.m in Sources */,
				441F70881D99075500610BFA /* main.m in Sources */,
			);
			runOnlyForDeploymentPostprocessing = 0;
		};
		441F70981D99075500610BFA /* Sources */ = {
			isa = PBXSourcesBuildPhase;
			buildActionMask = 2147483647;
			files = (
				441F70A11D99075500610BFA /* MJRefreshDemoTests.m in Sources */,
			);
			runOnlyForDeploymentPostprocessing = 0;
		};
		441F70A31D99075500610BFA /* Sources */ = {
			isa = PBXSourcesBuildPhase;
			buildActionMask = 2147483647;
			files = (
				441F70AC1D99075500610BFA /* MJRefreshDemoUITests.m in Sources */,
			);
			runOnlyForDeploymentPostprocessing = 0;
		};
/* End PBXSourcesBuildPhase section */

/* Begin PBXTargetDependency section */
		441F709E1D99075500610BFA /* PBXTargetDependency */ = {
			isa = PBXTargetDependency;
			target = 441F70821D99075500610BFA /* MJRefreshDemo */;
			targetProxy = 441F709D1D99075500610BFA /* PBXContainerItemProxy */;
		};
		441F70A91D99075500610BFA /* PBXTargetDependency */ = {
			isa = PBXTargetDependency;
			target = 441F70821D99075500610BFA /* MJRefreshDemo */;
			targetProxy = 441F70A81D99075500610BFA /* PBXContainerItemProxy */;
		};
/* End PBXTargetDependency section */

/* Begin PBXVariantGroup section */
		441F708F1D99075500610BFA /* Main.storyboard */ = {
			isa = PBXVariantGroup;
			children = (
				441F70901D99075500610BFA /* Base */,
			);
			name = Main.storyboard;
			sourceTree = "<group>";
		};
		441F70941D99075500610BFA /* LaunchScreen.storyboard */ = {
			isa = PBXVariantGroup;
			children = (
				441F70951D99075500610BFA /* Base */,
			);
			name = LaunchScreen.storyboard;
			sourceTree = "<group>";
		};
/* End PBXVariantGroup section */

/* Begin XCBuildConfiguration section */
		441F70AE1D99075500610BFA /* Debug */ = {
			isa = XCBuildConfiguration;
			buildSettings = {
				ALWAYS_SEARCH_USER_PATHS = NO;
				CLANG_ANALYZER_NONNULL = YES;
				CLANG_CXX_LANGUAGE_STANDARD = "gnu++0x";
				CLANG_CXX_LIBRARY = "libc++";
				CLANG_ENABLE_MODULES = YES;
				CLANG_ENABLE_OBJC_ARC = YES;
				CLANG_WARN_BOOL_CONVERSION = YES;
				CLANG_WARN_CONSTANT_CONVERSION = YES;
				CLANG_WARN_DIRECT_OBJC_ISA_USAGE = YES_ERROR;
				CLANG_WARN_EMPTY_BODY = YES;
				CLANG_WARN_ENUM_CONVERSION = YES;
				CLANG_WARN_INFINITE_RECURSION = YES;
				CLANG_WARN_INT_CONVERSION = YES;
				CLANG_WARN_OBJC_ROOT_CLASS = YES_ERROR;
				CLANG_WARN_SUSPICIOUS_MOVE = YES;
				CLANG_WARN_UNREACHABLE_CODE = YES;
				CLANG_WARN__DUPLICATE_METHOD_MATCH = YES;
				"CODE_SIGN_IDENTITY[sdk=iphoneos*]" = "iPhone Developer";
				COPY_PHASE_STRIP = NO;
				DEBUG_INFORMATION_FORMAT = dwarf;
				ENABLE_STRICT_OBJC_MSGSEND = YES;
				ENABLE_TESTABILITY = YES;
				GCC_C_LANGUAGE_STANDARD = gnu99;
				GCC_DYNAMIC_NO_PIC = NO;
				GCC_NO_COMMON_BLOCKS = YES;
				GCC_OPTIMIZATION_LEVEL = 0;
				GCC_PREPROCESSOR_DEFINITIONS = (
					"DEBUG=1",
					"$(inherited)",
				);
				GCC_WARN_64_TO_32_BIT_CONVERSION = YES;
				GCC_WARN_ABOUT_RETURN_TYPE = YES_ERROR;
				GCC_WARN_UNDECLARED_SELECTOR = YES;
				GCC_WARN_UNINITIALIZED_AUTOS = YES_AGGRESSIVE;
				GCC_WARN_UNUSED_FUNCTION = YES;
				GCC_WARN_UNUSED_VARIABLE = YES;
				IPHONEOS_DEPLOYMENT_TARGET = 9.3;
				MTL_ENABLE_DEBUG_INFO = YES;
				ONLY_ACTIVE_ARCH = YES;
				SDKROOT = iphoneos;
				TARGETED_DEVICE_FAMILY = "1,2";
			};
			name = Debug;
		};
		441F70AF1D99075500610BFA /* Release */ = {
			isa = XCBuildConfiguration;
			buildSettings = {
				ALWAYS_SEARCH_USER_PATHS = NO;
				CLANG_ANALYZER_NONNULL = YES;
				CLANG_CXX_LANGUAGE_STANDARD = "gnu++0x";
				CLANG_CXX_LIBRARY = "libc++";
				CLANG_ENABLE_MODULES = YES;
				CLANG_ENABLE_OBJC_ARC = YES;
				CLANG_WARN_BOOL_CONVERSION = YES;
				CLANG_WARN_CONSTANT_CONVERSION = YES;
				CLANG_WARN_DIRECT_OBJC_ISA_USAGE = YES_ERROR;
				CLANG_WARN_EMPTY_BODY = YES;
				CLANG_WARN_ENUM_CONVERSION = YES;
				CLANG_WARN_INFINITE_RECURSION = YES;
				CLANG_WARN_INT_CONVERSION = YES;
				CLANG_WARN_OBJC_ROOT_CLASS = YES_ERROR;
				CLANG_WARN_SUSPICIOUS_MOVE = YES;
				CLANG_WARN_UNREACHABLE_CODE = YES;
				CLANG_WARN__DUPLICATE_METHOD_MATCH = YES;
				"CODE_SIGN_IDENTITY[sdk=iphoneos*]" = "iPhone Developer";
				COPY_PHASE_STRIP = NO;
				DEBUG_INFORMATION_FORMAT = "dwarf-with-dsym";
				ENABLE_NS_ASSERTIONS = NO;
				ENABLE_STRICT_OBJC_MSGSEND = YES;
				GCC_C_LANGUAGE_STANDARD = gnu99;
				GCC_NO_COMMON_BLOCKS = YES;
				GCC_WARN_64_TO_32_BIT_CONVERSION = YES;
				GCC_WARN_ABOUT_RETURN_TYPE = YES_ERROR;
				GCC_WARN_UNDECLARED_SELECTOR = YES;
				GCC_WARN_UNINITIALIZED_AUTOS = YES_AGGRESSIVE;
				GCC_WARN_UNUSED_FUNCTION = YES;
				GCC_WARN_UNUSED_VARIABLE = YES;
				IPHONEOS_DEPLOYMENT_TARGET = 9.3;
				MTL_ENABLE_DEBUG_INFO = NO;
				SDKROOT = iphoneos;
				TARGETED_DEVICE_FAMILY = "1,2";
				VALIDATE_PRODUCT = YES;
			};
			name = Release;
		};
		441F70B11D99075500610BFA /* Debug */ = {
			isa = XCBuildConfiguration;
			baseConfigurationReference = EF264F055CE94CAACBA399B2 /* Pods-MJRefreshDemo.debug.xcconfig */;
			buildSettings = {
				ASSETCATALOG_COMPILER_APPICON_NAME = AppIcon;
				DEVELOPMENT_TEAM = 7XV7M559DG;
				INFOPLIST_FILE = MJRefreshDemo/Info.plist;
				LD_RUNPATH_SEARCH_PATHS = "$(inherited) @executable_path/Frameworks";
				PRODUCT_BUNDLE_IDENTIFIER = com.xiaoquan.MJRefreshDemo;
				PRODUCT_NAME = "$(TARGET_NAME)";
			};
			name = Debug;
		};
		441F70B21D99075500610BFA /* Release */ = {
			isa = XCBuildConfiguration;
			baseConfigurationReference = E4020556F18B1D003CBDFEB3 /* Pods-MJRefreshDemo.release.xcconfig */;
			buildSettings = {
				ASSETCATALOG_COMPILER_APPICON_NAME = AppIcon;
				DEVELOPMENT_TEAM = 7XV7M559DG;
				INFOPLIST_FILE = MJRefreshDemo/Info.plist;
				LD_RUNPATH_SEARCH_PATHS = "$(inherited) @executable_path/Frameworks";
				PRODUCT_BUNDLE_IDENTIFIER = com.xiaoquan.MJRefreshDemo;
				PRODUCT_NAME = "$(TARGET_NAME)";
			};
			name = Release;
		};
		441F70B41D99075500610BFA /* Debug */ = {
			isa = XCBuildConfiguration;
			buildSettings = {
				BUNDLE_LOADER = "$(TEST_HOST)";
				INFOPLIST_FILE = MJRefreshDemoTests/Info.plist;
				LD_RUNPATH_SEARCH_PATHS = "$(inherited) @executable_path/Frameworks @loader_path/Frameworks";
				PRODUCT_BUNDLE_IDENTIFIER = com.xiaoquan.MJRefreshDemoTests;
				PRODUCT_NAME = "$(TARGET_NAME)";
				TEST_HOST = "$(BUILT_PRODUCTS_DIR)/MJRefreshDemo.app/MJRefreshDemo";
			};
			name = Debug;
		};
		441F70B51D99075500610BFA /* Release */ = {
			isa = XCBuildConfiguration;
			buildSettings = {
				BUNDLE_LOADER = "$(TEST_HOST)";
				INFOPLIST_FILE = MJRefreshDemoTests/Info.plist;
				LD_RUNPATH_SEARCH_PATHS = "$(inherited) @executable_path/Frameworks @loader_path/Frameworks";
				PRODUCT_BUNDLE_IDENTIFIER = com.xiaoquan.MJRefreshDemoTests;
				PRODUCT_NAME = "$(TARGET_NAME)";
				TEST_HOST = "$(BUILT_PRODUCTS_DIR)/MJRefreshDemo.app/MJRefreshDemo";
			};
			name = Release;
		};
		441F70B71D99075500610BFA /* Debug */ = {
			isa = XCBuildConfiguration;
			buildSettings = {
				INFOPLIST_FILE = MJRefreshDemoUITests/Info.plist;
				LD_RUNPATH_SEARCH_PATHS = "$(inherited) @executable_path/Frameworks @loader_path/Frameworks";
				PRODUCT_BUNDLE_IDENTIFIER = com.xiaoquan.MJRefreshDemoUITests;
				PRODUCT_NAME = "$(TARGET_NAME)";
				TEST_TARGET_NAME = MJRefreshDemo;
			};
			name = Debug;
		};
		441F70B81D99075500610BFA /* Release */ = {
			isa = XCBuildConfiguration;
			buildSettings = {
				INFOPLIST_FILE = MJRefreshDemoUITests/Info.plist;
				LD_RUNPATH_SEARCH_PATHS = "$(inherited) @executable_path/Frameworks @loader_path/Frameworks";
				PRODUCT_BUNDLE_IDENTIFIER = com.xiaoquan.MJRefreshDemoUITests;
				PRODUCT_NAME = "$(TARGET_NAME)";
				TEST_TARGET_NAME = MJRefreshDemo;
			};
			name = Release;
		};
/* End XCBuildConfiguration section */

/* Begin XCConfigurationList section */
		441F707E1D99075500610BFA /* Build configuration list for PBXProject "MJRefreshDemo" */ = {
			isa = XCConfigurationList;
			buildConfigurations = (
				441F70AE1D99075500610BFA /* Debug */,
				441F70AF1D99075500610BFA /* Release */,
			);
			defaultConfigurationIsVisible = 0;
			defaultConfigurationName = Release;
		};
		441F70B01D99075500610BFA /* Build configuration list for PBXNativeTarget "MJRefreshDemo" */ = {
			isa = XCConfigurationList;
			buildConfigurations = (
				441F70B11D99075500610BFA /* Debug */,
				441F70B21D99075500610BFA /* Release */,
			);
			defaultConfigurationIsVisible = 0;
			defaultConfigurationName = Release;
		};
		441F70B31D99075500610BFA /* Build configuration list for PBXNativeTarget "MJRefreshDemoTests" */ = {
			isa = XCConfigurationList;
			buildConfigurations = (
				441F70B41D99075500610BFA /* Debug */,
				441F70B51D99075500610BFA /* Release */,
			);
			defaultConfigurationIsVisible = 0;
			defaultConfigurationName = Release;
		};
		441F70B61D99075500610BFA /* Build configuration list for PBXNativeTarget "MJRefreshDemoUITests" */ = {
			isa = XCConfigurationList;
			buildConfigurations = (
				441F70B71D99075500610BFA /* Debug */,
				441F70B81D99075500610BFA /* Release */,
			);
			defaultConfigurationIsVisible = 0;
			defaultConfigurationName = Release;
		};
/* End XCConfigurationList section */
	};
	rootObject = 441F707B1D99075500610BFA /* Project object */;
}
